
Microsoft Visual Studio Solution File, Format Version 12.00
# Visual Studio Version 17
VisualStudioVersion = 17.0.31903.59
MinimumVisualStudioVersion = 10.0.40219.1
Project("{FAE04EC0-301F-11D3-BF4B-00C04F79EFBC}") = "LanguageTracker.Tests", "LanguageTracker.Tests\LanguageTracker.Tests.csproj", "{67A7050C-D346-4C2F-99BA-9D41DC530E4C}"
EndProject
Project("{FAE04EC0-301F-11D3-BF4B-00C04F79EFBC}") = "LanguageTracker", "LanguageTracker\LanguageTracker.csproj", "{84E4AA1A-1287-43AC-B525-6F3647BA8C81}"
EndProject
Global
	GlobalSection(SolutionConfigurationPlatforms) = preSolution
		Debug|Any CPU = Debug|Any CPU
		Release|Any CPU = Release|Any CPU
	EndGlobalSection
	GlobalSection(SolutionProperties) = preSolution
		HideSolutionNode = FALSE
	EndGlobalSection
	GlobalSection(ProjectConfigurationPlatforms) = postSolution
		{67A7050C-D346-4C2F-99BA-9D41DC530E4C}.Debug|Any CPU.ActiveCfg = Debug|Any CPU
		{67A7050C-D346-4C2F-99BA-9D41DC530E4C}.Debug|Any CPU.Build.0 = Debug|Any CPU
		{67A7050C-D346-4C2F-99BA-9D41DC530E4C}.Release|Any CPU.ActiveCfg = Release|Any CPU
		{67A7050C-D346-4C2F-99BA-9D41DC530E4C}.Release|Any CPU.Build.0 = Release|Any CPU
		{84E4AA1A-1287-43AC-B525-6F3647BA8C81}.Debug|Any CPU.ActiveCfg = Debug|Any CPU
		{84E4AA1A-1287-43AC-B525-6F3647BA8C81}.Debug|Any CPU.Build.0 = Debug|Any CPU
		{84E4AA1A-1287-43AC-B525-6F3647BA8C81}.Release|Any CPU.ActiveCfg = Release|Any CPU
		{84E4AA1A-1287-43AC-B525-6F3647BA8C81}.Release|Any CPU.Build.0 = Release|Any CPU
	EndGlobalSection
EndGlobal
